
Microsoft Visual Studio Solution File, Format Version 12.00
# Visual Studio Version 17
VisualStudioVersion = 17.1.32421.90
MinimumVisualStudioVersion = 10.0.40219.1
Project("{FAE04EC0-301F-11D3-BF4B-00C04F79EFBC}") = "EBeyondproject", "EBeyondproject\EBeyondproject.csproj", "{75E3B9B2-4AB9-4FBC-8A96-4B588A4EAD5A}"
EndProject
Global
	GlobalSection(SolutionConfigurationPlatforms) = preSolution
		Debug|Any CPU = Debug|Any CPU
		Release|Any CPU = Release|Any CPU
	EndGlobalSection
	GlobalSection(ProjectConfigurationPlatforms) = postSolution
		{75E3B9B2-4AB9-4FBC-8A96-4B588A4EAD5A}.Debug|Any CPU.ActiveCfg = Debug|Any CPU
		{75E3B9B2-4AB9-4FBC-8A96-4B588A4EAD5A}.Debug|Any CPU.Build.0 = Debug|Any CPU
		{75E3B9B2-4AB9-4FBC-8A96-4B588A4EAD5A}.Release|Any CPU.ActiveCfg = Release|Any CPU
		{75E3B9B2-4AB9-4FBC-8A96-4B588A4EAD5A}.Release|Any CPU.Build.0 = Release|Any CPU
	EndGlobalSection
	GlobalSection(SolutionProperties) = preSolution
		HideSolutionNode = FALSE
	EndGlobalSection
	GlobalSection(ExtensibilityGlobals) = postSolution
		SolutionGuid = {0D61792A-D4A0-4068-B535-CB12ED447E23}
	EndGlobalSection
EndGlobal
